github.com/GetStream/stream-chat-go/v6 v6.2.0 h1:sp8GR6N1qOK92nkK3xiHS8DVvEdLX9GB7FbjQVmm6ws=
github.com/GetStream/stream-chat-go/v6 v6.2.0/go.mod h1:FKdUg33+ZAJRFTnOTWLLqG7WQEs5wSrFpREFbkQV1I0=
github.com/golang-jwt/jwt/v4 v4.0.0 h1:RAqyYixv1p7uEnocuy8P1nru5wprCh/MH2BIlW5z5/o=
github.com/golang-jwt/jwt/v4 v4.0.0/go.mod h1:/xlHOz8bRuivTWchD4jCa+NbatV+wEUSzwAxVc6locg=
github.com/golang-jwt/jwt/v4 v4.4.2 h1:rcc4lwaZgFMCZ5jxF9ABolDcIHdBytAFgqFPbSJQAYs=
github.com/golang-jwt/jwt/v4 v4.4.2/go.mod h1:m21LjoU+eqJr34lmDMbreY2eSTRJ1cv77w39/MY0Ch0=
